
Microsoft Visual Studio Solution File, Format Version 12.00
# Visual Studio Version 17
VisualStudioVersion = 17.5.002.0
MinimumVisualStudioVersion = 10.0.40219.1
Project("{9A19103F-16F7-4668-BE54-9A1E7A4F7556}") = "TheBookApp", "TheBookApp.csproj", "{11332609-D2CA-4F34-807C-2E7AD4608CE5}"
EndProject
Global
	GlobalSection(SolutionConfigurationPlatforms) = preSolution
		Debug|Any CPU = Debug|Any CPU
		Release|Any CPU = Release|Any CPU
	EndGlobalSection
	GlobalSection(ProjectConfigurationPlatforms) = postSolution
		{11332609-D2CA-4F34-807C-2E7AD4608CE5}.Debug|Any CPU.ActiveCfg = Debug|Any CPU
		{11332609-D2CA-4F34-807C-2E7AD4608CE5}.Debug|Any CPU.Build.0 = Debug|Any CPU
		{11332609-D2CA-4F34-807C-2E7AD4608CE5}.Release|Any CPU.ActiveCfg = Release|Any CPU
		{11332609-D2CA-4F34-807C-2E7AD4608CE5}.Release|Any CPU.Build.0 = Release|Any CPU
	EndGlobalSection
	GlobalSection(SolutionProperties) = preSolution
		HideSolutionNode = FALSE
	EndGlobalSection
	GlobalSection(ExtensibilityGlobals) = postSolution
		SolutionGuid = {9B9B128A-D805-4C6F-AB65-051142DDC8E1}
	EndGlobalSection
EndGlobal
